// !$*UTF8*$!
{
	archiveVersion = 1;
	classes = {
	};
	objectVersion = 50;
	objects = {

/* Begin PBXBuildFile section */
		CB2BE5BA20D3ABD100AB09BA /* main.m in Sources */ = {isa = PBXBuildFile; fileRef = CB2BE5B920D3ABD100AB09BA /* main.m */; };
		CB2BE5C220D3AC7000AB09BA /* NSObject+MyViewerCtrl.m in Sources */ = {isa = PBXBuildFile; fileRef = CB2BE5C120D3AC7000AB09BA /* NSObject+MyViewerCtrl.m */; };
		CB2BE5C720D3B79D00AB09BA /* NSObject+WinCtrl.m in Sources */ = {isa = PBXBuildFile; fileRef = CB2BE5C620D3B79D00AB09BA /* NSObject+WinCtrl.m */; };
/* End PBXBuildFile section */

/* Begin PBXCopyFilesBuildPhase section */
		CB2BE5B420D3ABD100AB09BA /* CopyFiles */ = {
			isa = PBXCopyFilesBuildPhase;
			buildActionMask = 2147483647;
			dstPath = /usr/share/man/man1/;
			dstSubfolderSpec = 0;
			files = (
			);
			runOnlyForDeploymentPostprocessing = 1;
		};
/* End PBXCopyFilesBuildPhase section */

/* Begin PBXFileReference section */
		CB2BE5B620D3ABD100AB09BA /* MyViewer */ = {isa = PBXFileReference; explicitFileType = "compiled.mach-o.executable"; includeInIndex = 0; path = MyViewer; sourceTree = BUILT_PRODUCTS_DIR; };
		CB2BE5B920D3ABD100AB09BA /* main.m */ = {isa = PBXFileReference; lastKnownFileType = sourcecode.c.objc; path = main.m; sourceTree = "<group>"; };
		CB2BE5C020D3AC7000AB09BA /* NSObject+MyViewerCtrl.h */ = {isa = PBXFileReference; lastKnownFileType = sourcecode.c.h; path = "NSObject+MyViewerCtrl.h"; sourceTree = "<group>"; };
		CB2BE5C120D3AC7000AB09BA /* NSObject+MyViewerCtrl.m */ = {isa = PBXFileReference; lastKnownFileType = sourcecode.c.objc; path = "NSObject+MyViewerCtrl.m"; sourceTree = "<group>"; };
		CB2BE5C520D3B79D00AB09BA /* NSObject+WinCtrl.h */ = {isa = PBXFileReference; lastKnownFileType = sourcecode.c.h; path = "NSObject+WinCtrl.h"; sourceTree = "<group>"; };
		CB2BE5C620D3B79D00AB09BA /* NSObject+WinCtrl.m */ = {isa = PBXFileReference; lastKnownFileType = sourcecode.c.objc; path = "NSObject+WinCtrl.m"; sourceTree = "<group>"; };
/* End PBXFileReference section */

/* Begin PBXFrameworksBuildPhase section */
		CB2BE5B320D3ABD100AB09BA /* Frameworks */ = {
			isa = PBXFrameworksBuildPhase;
			buildActionMask = 2147483647;
			files = (
			);
			runOnlyForDeploymentPostprocessing = 0;
		};
/* End PBXFrameworksBuildPhase section */

/* Begin PBXGroup section */
		CB2BE5AD20D3ABD100AB09BA = {
			isa = PBXGroup;
			children = (
				CB2BE5C420D3B79100AB09BA /* WinCtrl */,
				CB2BE5C320D3AC7600AB09BA /* main */,
				CB2BE5B820D3ABD100AB09BA /* MyViewer */,
				CB2BE5B720D3ABD100AB09BA /* Products */,
			);
			sourceTree = "<group>";
		};
		CB2BE5B720D3ABD100AB09BA /* Products */ = {
			isa = PBXGroup;
			children = (
				CB2BE5B620D3ABD100AB09BA /* MyViewer */,
			);
			name = Products;
			sourceTree = "<group>";
		};
		CB2BE5B820D3ABD100AB09BA /* MyViewer */ = {
			isa = PBXGroup;
			children = (
				CB2BE5C020D3AC7000AB09BA /* NSObject+MyViewerCtrl.h */,
				CB2BE5C120D3AC7000AB09BA /* NSObject+MyViewerCtrl.m */,
			);
			path = MyViewer;
			sourceTree = "<group>";
		};
		CB2BE5C320D3AC7600AB09BA /* main */ = {
			isa = PBXGroup;
			children = (
				CB2BE5B920D3ABD100AB09BA /* main.m */,
			);
			path = main;
			sourceTree = "<group>";
		};
		CB2BE5C420D3B79100AB09BA /* WinCtrl */ = {
			isa = PBXGroup;
			children = (
				CB2BE5C520D3B79D00AB09BA /* NSObject+WinCtrl.h */,
				CB2BE5C620D3B79D00AB09BA /* NSObject+WinCtrl.m */,
			);
			path = WinCtrl;
			sourceTree = "<group>";
		};
/* End PBXGroup section */

/* Begin PBXNativeTarget section */
		CB2BE5B520D3ABD100AB09BA /* MyViewer */ = {
			isa = PBXNativeTarget;
			buildConfigurationList = CB2BE5BD20D3ABD100AB09BA /* Build configuration list for PBXNativeTarget "MyViewer" */;
			buildPhases = (
				CB2BE5B220D3ABD100AB09BA /* Sources */,
				CB2BE5B320D3ABD100AB09BA /* Frameworks */,
				CB2BE5B420D3ABD100AB09BA /* CopyFiles */,
			);
			buildRules = (
			);
			dependencies = (
			);
			name = MyViewer;
			productName = MyViewer;
			productReference = CB2BE5B620D3ABD100AB09BA /* MyViewer */;
			productType = "com.apple.product-type.tool";
		};
/* End PBXNativeTarget section */

/* Begin PBXProject section */
		CB2BE5AE20D3ABD100AB09BA /* Project object */ = {
			isa = PBXProject;
			attributes = {
				LastUpgradeCheck = 0940;
				ORGANIZATIONNAME = "Oh Sangho";
				TargetAttributes = {
					CB2BE5B520D3ABD100AB09BA = {
						CreatedOnToolsVersion = 9.4.1;
					};
				};
			};
			buildConfigurationList = CB2BE5B120D3ABD100AB09BA /* Build configuration list for PBXProject "MyViewer" */;
			compatibilityVersion = "Xcode 9.3";
			developmentRegion = en;
			hasScannedForEncodings = 0;
			knownRegions = (
				en,
			);
			mainGroup = CB2BE5AD20D3ABD100AB09BA;
			productRefGroup = CB2BE5B720D3ABD100AB09BA /* Products */;
			projectDirPath = "";
			projectRoot = "";
			targets = (
				CB2BE5B520D3ABD100AB09BA /* MyViewer */,
			);
		};
/* End PBXProject section */

/* Begin PBXSourcesBuildPhase section */
		CB2BE5B220D3ABD100AB09BA /* Sources */ = {
			isa = PBXSourcesBuildPhase;
			buildActionMask = 2147483647;
			files = (
				CB2BE5C220D3AC7000AB09BA /* NSObject+MyViewerCtrl.m in Sources */,
				CB2BE5BA20D3ABD100AB09BA /* main.m in Sources */,
				CB2BE5C720D3B79D00AB09BA /* NSObject+WinCtrl.m in Sources */,
			);
			runOnlyForDeploymentPostprocessing = 0;
		};
/* End PBXSourcesBuildPhase section */

/* Begin XCBuildConfiguration section */
		CB2BE5BB20D3ABD100AB09BA /* Debug */ = {
			isa = XCBuildConfiguration;
			buildSettings = {
				ALWAYS_SEARCH_USER_PATHS = NO;
				CLANG_ANALYZER_NONNULL = YES;
				CLANG_ANALYZER_NUMBER_OBJECT_CONVERSION = YES_AGGRESSIVE;
				CLANG_CXX_LANGUAGE_STANDARD = "gnu++14";
				CLANG_CXX_LIBRARY = "libc++";
				CLANG_ENABLE_MODULES = YES;
				CLANG_ENABLE_OBJC_ARC = YES;
				CLANG_ENABLE_OBJC_WEAK = YES;
				CLANG_WARN_BLOCK_CAPTURE_AUTORELEASING = YES;
				CLANG_WARN_BOOL_CONVERSION = YES;
				CLANG_WARN_COMMA = YES;
				CLANG_WARN_CONSTANT_CONVERSION = YES;
				CLANG_WARN_DEPRECATED_OBJC_IMPLEMENTATIONS = YES;
				CLANG_WARN_DIRECT_OBJC_ISA_USAGE = YES_ERROR;
				CLANG_WARN_DOCUMENTATION_COMMENTS = YES;
				CLANG_WARN_EMPTY_BODY = YES;
				CLANG_WARN_ENUM_CONVERSION = YES;
				CLANG_WARN_INFINITE_RECURSION = YES;
				CLANG_WARN_INT_CONVERSION = YES;
				CLANG_WARN_NON_LITERAL_NULL_CONVERSION = YES;
				CLANG_WARN_OBJC_IMPLICIT_RETAIN_SELF = YES;
				CLANG_WARN_OBJC_LITERAL_CONVERSION = YES;
				CLANG_WARN_OBJC_ROOT_CLASS = YES_ERROR;
				CLANG_WARN_RANGE_LOOP_ANALYSIS = YES;
				CLANG_WARN_STRICT_PROTOTYPES = YES;
				CLANG_WARN_SUSPICIOUS_MOVE = YES;
				CLANG_WARN_UNGUARDED_AVAILABILITY = YES_AGGRESSIVE;
				CLANG_WARN_UNREACHABLE_CODE = YES;
				CLANG_WARN__DUPLICATE_METHOD_MATCH = YES;
				CODE_SIGN_IDENTITY = "Mac Developer";
				COPY_PHASE_STRIP = NO;
				DEBUG_INFORMATION_FORMAT = dwarf;
				ENABLE_STRICT_OBJC_MSGSEND = YES;
				ENABLE_TESTABILITY = YES;
				GCC_C_LANGUAGE_STANDARD = gnu11;
				GCC_DYNAMIC_NO_PIC = NO;
				GCC_NO_COMMON_BLOCKS = YES;
				GCC_OPTIMIZATION_LEVEL = 0;
				GCC_PREPROCESSOR_DEFINITIONS = (
					"DEBUG=1",
					"$(inherited)",
				);
				GCC_WARN_64_TO_32_BIT_CONVERSION = YES;
				GCC_WARN_ABOUT_RETURN_TYPE = YES_ERROR;
				GCC_WARN_UNDECLARED_SELECTOR = YES;
				GCC_WARN_UNINITIALIZED_AUTOS = YES_AGGRESSIVE;
				GCC_WARN_UNUSED_FUNCTION = YES;
				GCC_WARN_UNUSED_VARIABLE = YES;
				MACOSX_DEPLOYMENT_TARGET = 10.13;
				MTL_ENABLE_DEBUG_INFO = YES;
				ONLY_ACTIVE_ARCH = YES;
				SDKROOT = macosx;
			};
			name = Debug;
		};
		CB2BE5BC20D3ABD100AB09BA /* Release */ = {
			isa = XCBuildConfiguration;
			buildSettings = {
				ALWAYS_SEARCH_USER_PATHS = NO;
				CLANG_ANALYZER_NONNULL = YES;
				CLANG_ANALYZER_NUMBER_OBJECT_CONVERSION = YES_AGGRESSIVE;
				CLANG_CXX_LANGUAGE_STANDARD = "gnu++14";
				CLANG_CXX_LIBRARY = "libc++";
				CLANG_ENABLE_MODULES = YES;
				CLANG_ENABLE_OBJC_ARC = YES;
				CLANG_ENABLE_OBJC_WEAK = YES;
				CLANG_WARN_BLOCK_CAPTURE_AUTORELEASING = YES;
				CLANG_WARN_BOOL_CONVERSION = YES;
				CLANG_WARN_COMMA = YES;
				CLANG_WARN_CONSTANT_CONVERSION = YES;
				CLANG_WARN_DEPRECATED_OBJC_IMPLEMENTATIONS = YES;
				CLANG_WARN_DIRECT_OBJC_ISA_USAGE = YES_ERROR;
				CLANG_WARN_DOCUMENTATION_COMMENTS = YES;
				CLANG_WARN_EMPTY_BODY = YES;
				CLANG_WARN_ENUM_CONVERSION = YES;
				CLANG_WARN_INFINITE_RECURSION = YES;
				CLANG_WARN_INT_CONVERSION = YES;
				CLANG_WARN_NON_LITERAL_NULL_CONVERSION = YES;
				CLANG_WARN_OBJC_IMPLICIT_RETAIN_SELF = YES;
				CLANG_WARN_OBJC_LITERAL_CONVERSION = YES;
				CLANG_WARN_OBJC_ROOT_CLASS = YES_ERROR;
				CLANG_WARN_RANGE_LOOP_ANALYSIS = YES;
				CLANG_WARN_STRICT_PROTOTYPES = YES;
				CLANG_WARN_SUSPICIOUS_MOVE = YES;
				CLANG_WARN_UNGUARDED_AVAILABILITY = YES_AGGRESSIVE;
				CLANG_WARN_UNREACHABLE_CODE = YES;
				CLANG_WARN__DUPLICATE_METHOD_MATCH = YES;
				CODE_SIGN_IDENTITY = "Mac Developer";
				COPY_PHASE_STRIP = NO;
				DEBUG_INFORMATION_FORMAT = "dwarf-with-dsym";
				ENABLE_NS_ASSERTIONS = NO;
				ENABLE_STRICT_OBJC_MSGSEND = YES;
				GCC_C_LANGUAGE_STANDARD = gnu11;
				GCC_NO_COMMON_BLOCKS = YES;
				GCC_WARN_64_TO_32_BIT_CONVERSION = YES;
				GCC_WARN_ABOUT_RETURN_TYPE = YES_ERROR;
				GCC_WARN_UNDECLARED_SELECTOR = YES;
				GCC_WARN_UNINITIALIZED_AUTOS = YES_AGGRESSIVE;
				GCC_WARN_UNUSED_FUNCTION = YES;
				GCC_WARN_UNUSED_VARIABLE = YES;
				MACOSX_DEPLOYMENT_TARGET = 10.13;
				MTL_ENABLE_DEBUG_INFO = NO;
				SDKROOT = macosx;
			};
			name = Release;
		};
		CB2BE5BE20D3ABD100AB09BA /* Debug */ = {
			isa = XCBuildConfiguration;
			buildSettings = {
				CLANG_ENABLE_OBJC_ARC = NO;
				CODE_SIGN_STYLE = Automatic;
				DEVELOPMENT_TEAM = LZZVJD724V;
				PRODUCT_NAME = "$(TARGET_NAME)";
			};
			name = Debug;
		};
		CB2BE5BF20D3ABD100AB09BA /* Release */ = {
			isa = XCBuildConfiguration;
			buildSettings = {
				CLANG_ENABLE_OBJC_ARC = NO;
				CODE_SIGN_STYLE = Automatic;
				DEVELOPMENT_TEAM = LZZVJD724V;
				PRODUCT_NAME = "$(TARGET_NAME)";
			};
			name = Release;
		};
/* End XCBuildConfiguration section */

/* Begin XCConfigurationList section */
		CB2BE5B120D3ABD100AB09BA /* Build configuration list for PBXProject "MyViewer" */ = {
			isa = XCConfigurationList;
			buildConfigurations = (
				CB2BE5BB20D3ABD100AB09BA /* Debug */,
				CB2BE5BC20D3ABD100AB09BA /* Release */,
			);
			defaultConfigurationIsVisible = 0;
			defaultConfigurationName = Release;
		};
		CB2BE5BD20D3ABD100AB09BA /* Build configuration list for PBXNativeTarget "MyViewer" */ = {
			isa = XCConfigurationList;
			buildConfigurations = (
				CB2BE5BE20D3ABD100AB09BA /* Debug */,
				CB2BE5BF20D3ABD100AB09BA /* Release */,
			);
			defaultConfigurationIsVisible = 0;
			defaultConfigurationName = Release;
		};
/* End XCConfigurationList section */
	};
	rootObject = CB2BE5AE20D3ABD100AB09BA /* Project object */;
}
