// !$*UTF8*$!
{
	archiveVersion = 1;
	classes = {
	};
	objectVersion = 50;
	objects = {

/* Begin PBXBuildFile section */
		CB23030920D22800007755E4 /* main.m in Sources */ = {isa = PBXBuildFile; fileRef = CB23030820D22800007755E4 /* main.m */; };
		CB23031520D22866007755E4 /* NSObject+RealArray.m in Sources */ = {isa = PBXBuildFile; fileRef = CB23031420D22866007755E4 /* NSObject+RealArray.m */; };
		CB23031820D229AF007755E4 /* NSObject+Fraction.m in Sources */ = {isa = PBXBuildFile; fileRef = CB23031720D229AF007755E4 /* NSObject+Fraction.m */; };
		CB23031B20D2327B007755E4 /* NSObject+NSStringReal.m in Sources */ = {isa = PBXBuildFile; fileRef = CB23031A20D2327B007755E4 /* NSObject+NSStringReal.m */; };
/* End PBXBuildFile section */

/* Begin PBXCopyFilesBuildPhase section */
		CB23030320D22800007755E4 /* CopyFiles */ = {
			isa = PBXCopyFilesBuildPhase;
			buildActionMask = 2147483647;
			dstPath = /usr/share/man/man1/;
			dstSubfolderSpec = 0;
			files = (
			);
			runOnlyForDeploymentPostprocessing = 1;
		};
/* End PBXCopyFilesBuildPhase section */

/* Begin PBXFileReference section */
		CB23030520D22800007755E4 /* 11real */ = {isa = PBXFileReference; explicitFileType = "compiled.mach-o.executable"; includeInIndex = 0; path = 11real; sourceTree = BUILT_PRODUCTS_DIR; };
		CB23030820D22800007755E4 /* main.m */ = {isa = PBXFileReference; lastKnownFileType = sourcecode.c.objc; path = main.m; sourceTree = "<group>"; };
		CB23031220D2283D007755E4 /* RealNumber.h */ = {isa = PBXFileReference; lastKnownFileType = sourcecode.c.h; path = RealNumber.h; sourceTree = "<group>"; };
		CB23031320D22866007755E4 /* NSObject+RealArray.h */ = {isa = PBXFileReference; lastKnownFileType = sourcecode.c.h; path = "NSObject+RealArray.h"; sourceTree = "<group>"; };
		CB23031420D22866007755E4 /* NSObject+RealArray.m */ = {isa = PBXFileReference; lastKnownFileType = sourcecode.c.objc; path = "NSObject+RealArray.m"; sourceTree = "<group>"; };
		CB23031620D229AF007755E4 /* NSObject+Fraction.h */ = {isa = PBXFileReference; lastKnownFileType = sourcecode.c.h; path = "NSObject+Fraction.h"; sourceTree = "<group>"; };
		CB23031720D229AF007755E4 /* NSObject+Fraction.m */ = {isa = PBXFileReference; lastKnownFileType = sourcecode.c.objc; path = "NSObject+Fraction.m"; sourceTree = "<group>"; };
		CB23031920D2327B007755E4 /* NSObject+NSStringReal.h */ = {isa = PBXFileReference; lastKnownFileType = sourcecode.c.h; path = "NSObject+NSStringReal.h"; sourceTree = "<group>"; };
		CB23031A20D2327B007755E4 /* NSObject+NSStringReal.m */ = {isa = PBXFileReference; lastKnownFileType = sourcecode.c.objc; path = "NSObject+NSStringReal.m"; sourceTree = "<group>"; };
/* End PBXFileReference section */

/* Begin PBXFrameworksBuildPhase section */
		CB23030220D22800007755E4 /* Frameworks */ = {
			isa = PBXFrameworksBuildPhase;
			buildActionMask = 2147483647;
			files = (
			);
			runOnlyForDeploymentPostprocessing = 0;
		};
/* End PBXFrameworksBuildPhase section */

/* Begin PBXGroup section */
		CB2302FC20D22800007755E4 = {
			isa = PBXGroup;
			children = (
				CB23030720D22800007755E4 /* 11real */,
				CB23030620D22800007755E4 /* Products */,
			);
			sourceTree = "<group>";
		};
		CB23030620D22800007755E4 /* Products */ = {
			isa = PBXGroup;
			children = (
				CB23030520D22800007755E4 /* 11real */,
			);
			name = Products;
			sourceTree = "<group>";
		};
		CB23030720D22800007755E4 /* 11real */ = {
			isa = PBXGroup;
			children = (
				CB23030820D22800007755E4 /* main.m */,
				CB23031220D2283D007755E4 /* RealNumber.h */,
				CB23031320D22866007755E4 /* NSObject+RealArray.h */,
				CB23031420D22866007755E4 /* NSObject+RealArray.m */,
				CB23031620D229AF007755E4 /* NSObject+Fraction.h */,
				CB23031720D229AF007755E4 /* NSObject+Fraction.m */,
				CB23031920D2327B007755E4 /* NSObject+NSStringReal.h */,
				CB23031A20D2327B007755E4 /* NSObject+NSStringReal.m */,
			);
			path = 11real;
			sourceTree = "<group>";
		};
/* End PBXGroup section */

/* Begin PBXNativeTarget section */
		CB23030420D22800007755E4 /* 11real */ = {
			isa = PBXNativeTarget;
			buildConfigurationList = CB23030C20D22800007755E4 /* Build configuration list for PBXNativeTarget "11real" */;
			buildPhases = (
				CB23030120D22800007755E4 /* Sources */,
				CB23030220D22800007755E4 /* Frameworks */,
				CB23030320D22800007755E4 /* CopyFiles */,
			);
			buildRules = (
			);
			dependencies = (
			);
			name = 11real;
			productName = 11real;
			productReference = CB23030520D22800007755E4 /* 11real */;
			productType = "com.apple.product-type.tool";
		};
/* End PBXNativeTarget section */

/* Begin PBXProject section */
		CB2302FD20D22800007755E4 /* Project object */ = {
			isa = PBXProject;
			attributes = {
				LastUpgradeCheck = 0940;
				ORGANIZATIONNAME = "Oh Sangho";
				TargetAttributes = {
					CB23030420D22800007755E4 = {
						CreatedOnToolsVersion = 9.4.1;
					};
				};
			};
			buildConfigurationList = CB23030020D22800007755E4 /* Build configuration list for PBXProject "11real" */;
			compatibilityVersion = "Xcode 9.3";
			developmentRegion = en;
			hasScannedForEncodings = 0;
			knownRegions = (
				en,
			);
			mainGroup = CB2302FC20D22800007755E4;
			productRefGroup = CB23030620D22800007755E4 /* Products */;
			projectDirPath = "";
			projectRoot = "";
			targets = (
				CB23030420D22800007755E4 /* 11real */,
			);
		};
/* End PBXProject section */

/* Begin PBXSourcesBuildPhase section */
		CB23030120D22800007755E4 /* Sources */ = {
			isa = PBXSourcesBuildPhase;
			buildActionMask = 2147483647;
			files = (
				CB23030920D22800007755E4 /* main.m in Sources */,
				CB23031B20D2327B007755E4 /* NSObject+NSStringReal.m in Sources */,
				CB23031820D229AF007755E4 /* NSObject+Fraction.m in Sources */,
				CB23031520D22866007755E4 /* NSObject+RealArray.m in Sources */,
			);
			runOnlyForDeploymentPostprocessing = 0;
		};
/* End PBXSourcesBuildPhase section */

/* Begin XCBuildConfiguration section */
		CB23030A20D22800007755E4 /* Debug */ = {
			isa = XCBuildConfiguration;
			buildSettings = {
				ALWAYS_SEARCH_USER_PATHS = NO;
				CLANG_ANALYZER_NONNULL = YES;
				CLANG_ANALYZER_NUMBER_OBJECT_CONVERSION = YES_AGGRESSIVE;
				CLANG_CXX_LANGUAGE_STANDARD = "gnu++14";
				CLANG_CXX_LIBRARY = "libc++";
				CLANG_ENABLE_MODULES = YES;
				CLANG_ENABLE_OBJC_ARC = YES;
				CLANG_ENABLE_OBJC_WEAK = YES;
				CLANG_WARN_BLOCK_CAPTURE_AUTORELEASING = YES;
				CLANG_WARN_BOOL_CONVERSION = YES;
				CLANG_WARN_COMMA = YES;
				CLANG_WARN_CONSTANT_CONVERSION = YES;
				CLANG_WARN_DEPRECATED_OBJC_IMPLEMENTATIONS = YES;
				CLANG_WARN_DIRECT_OBJC_ISA_USAGE = YES_ERROR;
				CLANG_WARN_DOCUMENTATION_COMMENTS = YES;
				CLANG_WARN_EMPTY_BODY = YES;
				CLANG_WARN_ENUM_CONVERSION = YES;
				CLANG_WARN_INFINITE_RECURSION = YES;
				CLANG_WARN_INT_CONVERSION = YES;
				CLANG_WARN_NON_LITERAL_NULL_CONVERSION = YES;
				CLANG_WARN_OBJC_IMPLICIT_RETAIN_SELF = YES;
				CLANG_WARN_OBJC_LITERAL_CONVERSION = YES;
				CLANG_WARN_OBJC_ROOT_CLASS = YES_ERROR;
				CLANG_WARN_RANGE_LOOP_ANALYSIS = YES;
				CLANG_WARN_STRICT_PROTOTYPES = YES;
				CLANG_WARN_SUSPICIOUS_MOVE = YES;
				CLANG_WARN_UNGUARDED_AVAILABILITY = YES_AGGRESSIVE;
				CLANG_WARN_UNREACHABLE_CODE = YES;
				CLANG_WARN__DUPLICATE_METHOD_MATCH = YES;
				CODE_SIGN_IDENTITY = "Mac Developer";
				COPY_PHASE_STRIP = NO;
				DEBUG_INFORMATION_FORMAT = dwarf;
				ENABLE_STRICT_OBJC_MSGSEND = YES;
				ENABLE_TESTABILITY = YES;
				GCC_C_LANGUAGE_STANDARD = gnu11;
				GCC_DYNAMIC_NO_PIC = NO;
				GCC_NO_COMMON_BLOCKS = YES;
				GCC_OPTIMIZATION_LEVEL = 0;
				GCC_PREPROCESSOR_DEFINITIONS = (
					"DEBUG=1",
					"$(inherited)",
				);
				GCC_WARN_64_TO_32_BIT_CONVERSION = YES;
				GCC_WARN_ABOUT_RETURN_TYPE = YES_ERROR;
				GCC_WARN_UNDECLARED_SELECTOR = YES;
				GCC_WARN_UNINITIALIZED_AUTOS = YES_AGGRESSIVE;
				GCC_WARN_UNUSED_FUNCTION = YES;
				GCC_WARN_UNUSED_VARIABLE = YES;
				MACOSX_DEPLOYMENT_TARGET = 10.13;
				MTL_ENABLE_DEBUG_INFO = YES;
				ONLY_ACTIVE_ARCH = YES;
				SDKROOT = macosx;
			};
			name = Debug;
		};
		CB23030B20D22800007755E4 /* Release */ = {
			isa = XCBuildConfiguration;
			buildSettings = {
				ALWAYS_SEARCH_USER_PATHS = NO;
				CLANG_ANALYZER_NONNULL = YES;
				CLANG_ANALYZER_NUMBER_OBJECT_CONVERSION = YES_AGGRESSIVE;
				CLANG_CXX_LANGUAGE_STANDARD = "gnu++14";
				CLANG_CXX_LIBRARY = "libc++";
				CLANG_ENABLE_MODULES = YES;
				CLANG_ENABLE_OBJC_ARC = YES;
				CLANG_ENABLE_OBJC_WEAK = YES;
				CLANG_WARN_BLOCK_CAPTURE_AUTORELEASING = YES;
				CLANG_WARN_BOOL_CONVERSION = YES;
				CLANG_WARN_COMMA = YES;
				CLANG_WARN_CONSTANT_CONVERSION = YES;
				CLANG_WARN_DEPRECATED_OBJC_IMPLEMENTATIONS = YES;
				CLANG_WARN_DIRECT_OBJC_ISA_USAGE = YES_ERROR;
				CLANG_WARN_DOCUMENTATION_COMMENTS = YES;
				CLANG_WARN_EMPTY_BODY = YES;
				CLANG_WARN_ENUM_CONVERSION = YES;
				CLANG_WARN_INFINITE_RECURSION = YES;
				CLANG_WARN_INT_CONVERSION = YES;
				CLANG_WARN_NON_LITERAL_NULL_CONVERSION = YES;
				CLANG_WARN_OBJC_IMPLICIT_RETAIN_SELF = YES;
				CLANG_WARN_OBJC_LITERAL_CONVERSION = YES;
				CLANG_WARN_OBJC_ROOT_CLASS = YES_ERROR;
				CLANG_WARN_RANGE_LOOP_ANALYSIS = YES;
				CLANG_WARN_STRICT_PROTOTYPES = YES;
				CLANG_WARN_SUSPICIOUS_MOVE = YES;
				CLANG_WARN_UNGUARDED_AVAILABILITY = YES_AGGRESSIVE;
				CLANG_WARN_UNREACHABLE_CODE = YES;
				CLANG_WARN__DUPLICATE_METHOD_MATCH = YES;
				CODE_SIGN_IDENTITY = "Mac Developer";
				COPY_PHASE_STRIP = NO;
				DEBUG_INFORMATION_FORMAT = "dwarf-with-dsym";
				ENABLE_NS_ASSERTIONS = NO;
				ENABLE_STRICT_OBJC_MSGSEND = YES;
				GCC_C_LANGUAGE_STANDARD = gnu11;
				GCC_NO_COMMON_BLOCKS = YES;
				GCC_WARN_64_TO_32_BIT_CONVERSION = YES;
				GCC_WARN_ABOUT_RETURN_TYPE = YES_ERROR;
				GCC_WARN_UNDECLARED_SELECTOR = YES;
				GCC_WARN_UNINITIALIZED_AUTOS = YES_AGGRESSIVE;
				GCC_WARN_UNUSED_FUNCTION = YES;
				GCC_WARN_UNUSED_VARIABLE = YES;
				MACOSX_DEPLOYMENT_TARGET = 10.13;
				MTL_ENABLE_DEBUG_INFO = NO;
				SDKROOT = macosx;
			};
			name = Release;
		};
		CB23030D20D22800007755E4 /* Debug */ = {
			isa = XCBuildConfiguration;
			buildSettings = {
				CLANG_ENABLE_OBJC_ARC = NO;
				CODE_SIGN_STYLE = Automatic;
				DEVELOPMENT_TEAM = LZZVJD724V;
				PRODUCT_NAME = "$(TARGET_NAME)";
			};
			name = Debug;
		};
		CB23030E20D22800007755E4 /* Release */ = {
			isa = XCBuildConfiguration;
			buildSettings = {
				CLANG_ENABLE_OBJC_ARC = NO;
				CODE_SIGN_STYLE = Automatic;
				DEVELOPMENT_TEAM = LZZVJD724V;
				PRODUCT_NAME = "$(TARGET_NAME)";
			};
			name = Release;
		};
/* End XCBuildConfiguration section */

/* Begin XCConfigurationList section */
		CB23030020D22800007755E4 /* Build configuration list for PBXProject "11real" */ = {
			isa = XCConfigurationList;
			buildConfigurations = (
				CB23030A20D22800007755E4 /* Debug */,
				CB23030B20D22800007755E4 /* Release */,
			);
			defaultConfigurationIsVisible = 0;
			defaultConfigurationName = Release;
		};
		CB23030C20D22800007755E4 /* Build configuration list for PBXNativeTarget "11real" */ = {
			isa = XCConfigurationList;
			buildConfigurations = (
				CB23030D20D22800007755E4 /* Debug */,
				CB23030E20D22800007755E4 /* Release */,
			);
			defaultConfigurationIsVisible = 0;
			defaultConfigurationName = Release;
		};
/* End XCConfigurationList section */
	};
	rootObject = CB2302FD20D22800007755E4 /* Project object */;
}
