// !$*UTF8*$!
{
	archiveVersion = 1;
	classes = {
	};
	objectVersion = 50;
	objects = {

/* Begin PBXBuildFile section */
		CB20219120D7C33C007CC198 /* AppDelegate.m in Sources */ = {isa = PBXBuildFile; fileRef = CB20219020D7C33C007CC198 /* AppDelegate.m */; };
		CB20219420D7C33C007CC198 /* Fraction_CalculatorViewController.m in Sources */ = {isa = PBXBuildFile; fileRef = CB20219320D7C33C007CC198 /* Fraction_CalculatorViewController.m */; };
		CB20219720D7C33C007CC198 /* Main.storyboard in Resources */ = {isa = PBXBuildFile; fileRef = CB20219520D7C33C007CC198 /* Main.storyboard */; };
		CB20219920D7C33D007CC198 /* Assets.xcassets in Resources */ = {isa = PBXBuildFile; fileRef = CB20219820D7C33D007CC198 /* Assets.xcassets */; };
		CB20219C20D7C33D007CC198 /* LaunchScreen.storyboard in Resources */ = {isa = PBXBuildFile; fileRef = CB20219A20D7C33D007CC198 /* LaunchScreen.storyboard */; };
		CB20219F20D7C33D007CC198 /* main.m in Sources */ = {isa = PBXBuildFile; fileRef = CB20219E20D7C33D007CC198 /* main.m */; };
		CB2021AC20D7D1C9007CC198 /* Calculator.m in Sources */ = {isa = PBXBuildFile; fileRef = CB2021AB20D7D1C9007CC198 /* Calculator.m */; };
		CB2021AF20D7D26D007CC198 /* Fraction.m in Sources */ = {isa = PBXBuildFile; fileRef = CB2021AE20D7D26D007CC198 /* Fraction.m */; };
/* End PBXBuildFile section */

/* Begin PBXFileReference section */
		CB20218C20D7C33C007CC198 /* Fraction_Calculator.app */ = {isa = PBXFileReference; explicitFileType = wrapper.application; includeInIndex = 0; path = Fraction_Calculator.app; sourceTree = BUILT_PRODUCTS_DIR; };
		CB20218F20D7C33C007CC198 /* AppDelegate.h */ = {isa = PBXFileReference; lastKnownFileType = sourcecode.c.h; path = AppDelegate.h; sourceTree = "<group>"; };
		CB20219020D7C33C007CC198 /* AppDelegate.m */ = {isa = PBXFileReference; lastKnownFileType = sourcecode.c.objc; path = AppDelegate.m; sourceTree = "<group>"; };
		CB20219220D7C33C007CC198 /* Fraction_CalculatorViewController.h */ = {isa = PBXFileReference; lastKnownFileType = sourcecode.c.h; path = Fraction_CalculatorViewController.h; sourceTree = "<group>"; };
		CB20219320D7C33C007CC198 /* Fraction_CalculatorViewController.m */ = {isa = PBXFileReference; lastKnownFileType = sourcecode.c.objc; path = Fraction_CalculatorViewController.m; sourceTree = "<group>"; };
		CB20219620D7C33C007CC198 /* Base */ = {isa = PBXFileReference; lastKnownFileType = file.storyboard; name = Base; path = Base.lproj/Main.storyboard; sourceTree = "<group>"; };
		CB20219820D7C33D007CC198 /* Assets.xcassets */ = {isa = PBXFileReference; lastKnownFileType = folder.assetcatalog; path = Assets.xcassets; sourceTree = "<group>"; };
		CB20219B20D7C33D007CC198 /* Base */ = {isa = PBXFileReference; lastKnownFileType = file.storyboard; name = Base; path = Base.lproj/LaunchScreen.storyboard; sourceTree = "<group>"; };
		CB20219D20D7C33D007CC198 /* Info.plist */ = {isa = PBXFileReference; lastKnownFileType = text.plist.xml; path = Info.plist; sourceTree = "<group>"; };
		CB20219E20D7C33D007CC198 /* main.m */ = {isa = PBXFileReference; lastKnownFileType = sourcecode.c.objc; path = main.m; sourceTree = "<group>"; };
		CB2021AA20D7D1C9007CC198 /* Calculator.h */ = {isa = PBXFileReference; lastKnownFileType = sourcecode.c.h; path = Calculator.h; sourceTree = "<group>"; };
		CB2021AB20D7D1C9007CC198 /* Calculator.m */ = {isa = PBXFileReference; lastKnownFileType = sourcecode.c.objc; path = Calculator.m; sourceTree = "<group>"; };
		CB2021AD20D7D26D007CC198 /* Fraction.h */ = {isa = PBXFileReference; lastKnownFileType = sourcecode.c.h; path = Fraction.h; sourceTree = "<group>"; };
		CB2021AE20D7D26D007CC198 /* Fraction.m */ = {isa = PBXFileReference; lastKnownFileType = sourcecode.c.objc; path = Fraction.m; sourceTree = "<group>"; };
/* End PBXFileReference section */

/* Begin PBXFrameworksBuildPhase section */
		CB20218920D7C33C007CC198 /* Frameworks */ = {
			isa = PBXFrameworksBuildPhase;
			buildActionMask = 2147483647;
			files = (
			);
			runOnlyForDeploymentPostprocessing = 0;
		};
/* End PBXFrameworksBuildPhase section */

/* Begin PBXGroup section */
		CB20218320D7C33C007CC198 = {
			isa = PBXGroup;
			children = (
				CB2021A720D7D0FF007CC198 /* ViewControllers */,
				CB2021A520D7D0E1007CC198 /* main */,
				CB20218E20D7C33C007CC198 /* Fraction_Calculator */,
				CB20218D20D7C33C007CC198 /* Products */,
			);
			sourceTree = "<group>";
		};
		CB20218D20D7C33C007CC198 /* Products */ = {
			isa = PBXGroup;
			children = (
				CB20218C20D7C33C007CC198 /* Fraction_Calculator.app */,
			);
			name = Products;
			sourceTree = "<group>";
		};
		CB20218E20D7C33C007CC198 /* Fraction_Calculator */ = {
			isa = PBXGroup;
			children = (
				CB20218F20D7C33C007CC198 /* AppDelegate.h */,
				CB20219020D7C33C007CC198 /* AppDelegate.m */,
				CB20219820D7C33D007CC198 /* Assets.xcassets */,
				CB20219A20D7C33D007CC198 /* LaunchScreen.storyboard */,
				CB20219D20D7C33D007CC198 /* Info.plist */,
			);
			path = Fraction_Calculator;
			sourceTree = "<group>";
		};
		CB2021A520D7D0E1007CC198 /* main */ = {
			isa = PBXGroup;
			children = (
				CB20219E20D7C33D007CC198 /* main.m */,
				CB20219520D7C33C007CC198 /* Main.storyboard */,
			);
			path = main;
			sourceTree = "<group>";
		};
		CB2021A720D7D0FF007CC198 /* ViewControllers */ = {
			isa = PBXGroup;
			children = (
				CB20219220D7C33C007CC198 /* Fraction_CalculatorViewController.h */,
				CB20219320D7C33C007CC198 /* Fraction_CalculatorViewController.m */,
				CB2021AA20D7D1C9007CC198 /* Calculator.h */,
				CB2021AB20D7D1C9007CC198 /* Calculator.m */,
				CB2021AD20D7D26D007CC198 /* Fraction.h */,
				CB2021AE20D7D26D007CC198 /* Fraction.m */,
			);
			path = ViewControllers;
			sourceTree = "<group>";
		};
/* End PBXGroup section */

/* Begin PBXNativeTarget section */
		CB20218B20D7C33C007CC198 /* Fraction_Calculator */ = {
			isa = PBXNativeTarget;
			buildConfigurationList = CB2021A220D7C33D007CC198 /* Build configuration list for PBXNativeTarget "Fraction_Calculator" */;
			buildPhases = (
				CB20218820D7C33C007CC198 /* Sources */,
				CB20218920D7C33C007CC198 /* Frameworks */,
				CB20218A20D7C33C007CC198 /* Resources */,
			);
			buildRules = (
			);
			dependencies = (
			);
			name = Fraction_Calculator;
			productName = Fraction_Calculator;
			productReference = CB20218C20D7C33C007CC198 /* Fraction_Calculator.app */;
			productType = "com.apple.product-type.application";
		};
/* End PBXNativeTarget section */

/* Begin PBXProject section */
		CB20218420D7C33C007CC198 /* Project object */ = {
			isa = PBXProject;
			attributes = {
				LastUpgradeCheck = 0940;
				ORGANIZATIONNAME = "Oh Sangho";
				TargetAttributes = {
					CB20218B20D7C33C007CC198 = {
						CreatedOnToolsVersion = 9.4.1;
					};
				};
			};
			buildConfigurationList = CB20218720D7C33C007CC198 /* Build configuration list for PBXProject "Fraction_Calculator" */;
			compatibilityVersion = "Xcode 9.3";
			developmentRegion = en;
			hasScannedForEncodings = 0;
			knownRegions = (
				en,
				Base,
			);
			mainGroup = CB20218320D7C33C007CC198;
			productRefGroup = CB20218D20D7C33C007CC198 /* Products */;
			projectDirPath = "";
			projectRoot = "";
			targets = (
				CB20218B20D7C33C007CC198 /* Fraction_Calculator */,
			);
		};
/* End PBXProject section */

/* Begin PBXResourcesBuildPhase section */
		CB20218A20D7C33C007CC198 /* Resources */ = {
			isa = PBXResourcesBuildPhase;
			buildActionMask = 2147483647;
			files = (
				CB20219C20D7C33D007CC198 /* LaunchScreen.storyboard in Resources */,
				CB20219920D7C33D007CC198 /* Assets.xcassets in Resources */,
				CB20219720D7C33C007CC198 /* Main.storyboard in Resources */,
			);
			runOnlyForDeploymentPostprocessing = 0;
		};
/* End PBXResourcesBuildPhase section */

/* Begin PBXSourcesBuildPhase section */
		CB20218820D7C33C007CC198 /* Sources */ = {
			isa = PBXSourcesBuildPhase;
			buildActionMask = 2147483647;
			files = (
				CB20219420D7C33C007CC198 /* Fraction_CalculatorViewController.m in Sources */,
				CB2021AC20D7D1C9007CC198 /* Calculator.m in Sources */,
				CB20219F20D7C33D007CC198 /* main.m in Sources */,
				CB20219120D7C33C007CC198 /* AppDelegate.m in Sources */,
				CB2021AF20D7D26D007CC198 /* Fraction.m in Sources */,
			);
			runOnlyForDeploymentPostprocessing = 0;
		};
/* End PBXSourcesBuildPhase section */

/* Begin PBXVariantGroup section */
		CB20219520D7C33C007CC198 /* Main.storyboard */ = {
			isa = PBXVariantGroup;
			children = (
				CB20219620D7C33C007CC198 /* Base */,
			);
			name = Main.storyboard;
			sourceTree = "<group>";
		};
		CB20219A20D7C33D007CC198 /* LaunchScreen.storyboard */ = {
			isa = PBXVariantGroup;
			children = (
				CB20219B20D7C33D007CC198 /* Base */,
			);
			name = LaunchScreen.storyboard;
			sourceTree = "<group>";
		};
/* End PBXVariantGroup section */

/* Begin XCBuildConfiguration section */
		CB2021A020D7C33D007CC198 /* Debug */ = {
			isa = XCBuildConfiguration;
			buildSettings = {
				ALWAYS_SEARCH_USER_PATHS = NO;
				CLANG_ANALYZER_NONNULL = YES;
				CLANG_ANALYZER_NUMBER_OBJECT_CONVERSION = YES_AGGRESSIVE;
				CLANG_CXX_LANGUAGE_STANDARD = "gnu++14";
				CLANG_CXX_LIBRARY = "libc++";
				CLANG_ENABLE_MODULES = YES;
				CLANG_ENABLE_OBJC_ARC = YES;
				CLANG_ENABLE_OBJC_WEAK = YES;
				CLANG_WARN_BLOCK_CAPTURE_AUTORELEASING = YES;
				CLANG_WARN_BOOL_CONVERSION = YES;
				CLANG_WARN_COMMA = YES;
				CLANG_WARN_CONSTANT_CONVERSION = YES;
				CLANG_WARN_DEPRECATED_OBJC_IMPLEMENTATIONS = YES;
				CLANG_WARN_DIRECT_OBJC_ISA_USAGE = YES_ERROR;
				CLANG_WARN_DOCUMENTATION_COMMENTS = YES;
				CLANG_WARN_EMPTY_BODY = YES;
				CLANG_WARN_ENUM_CONVERSION = YES;
				CLANG_WARN_INFINITE_RECURSION = YES;
				CLANG_WARN_INT_CONVERSION = YES;
				CLANG_WARN_NON_LITERAL_NULL_CONVERSION = YES;
				CLANG_WARN_OBJC_IMPLICIT_RETAIN_SELF = YES;
				CLANG_WARN_OBJC_LITERAL_CONVERSION = YES;
				CLANG_WARN_OBJC_ROOT_CLASS = YES_ERROR;
				CLANG_WARN_RANGE_LOOP_ANALYSIS = YES;
				CLANG_WARN_STRICT_PROTOTYPES = YES;
				CLANG_WARN_SUSPICIOUS_MOVE = YES;
				CLANG_WARN_UNGUARDED_AVAILABILITY = YES_AGGRESSIVE;
				CLANG_WARN_UNREACHABLE_CODE = YES;
				CLANG_WARN__DUPLICATE_METHOD_MATCH = YES;
				CODE_SIGN_IDENTITY = "iPhone Developer";
				COPY_PHASE_STRIP = NO;
				DEBUG_INFORMATION_FORMAT = dwarf;
				ENABLE_STRICT_OBJC_MSGSEND = YES;
				ENABLE_TESTABILITY = YES;
				GCC_C_LANGUAGE_STANDARD = gnu11;
				GCC_DYNAMIC_NO_PIC = NO;
				GCC_NO_COMMON_BLOCKS = YES;
				GCC_OPTIMIZATION_LEVEL = 0;
				GCC_PREPROCESSOR_DEFINITIONS = (
					"DEBUG=1",
					"$(inherited)",
				);
				GCC_WARN_64_TO_32_BIT_CONVERSION = YES;
				GCC_WARN_ABOUT_RETURN_TYPE = YES_ERROR;
				GCC_WARN_UNDECLARED_SELECTOR = YES;
				GCC_WARN_UNINITIALIZED_AUTOS = YES_AGGRESSIVE;
				GCC_WARN_UNUSED_FUNCTION = YES;
				GCC_WARN_UNUSED_VARIABLE = YES;
				IPHONEOS_DEPLOYMENT_TARGET = 11.4;
				MTL_ENABLE_DEBUG_INFO = YES;
				ONLY_ACTIVE_ARCH = YES;
				SDKROOT = iphoneos;
			};
			name = Debug;
		};
		CB2021A120D7C33D007CC198 /* Release */ = {
			isa = XCBuildConfiguration;
			buildSettings = {
				ALWAYS_SEARCH_USER_PATHS = NO;
				CLANG_ANALYZER_NONNULL = YES;
				CLANG_ANALYZER_NUMBER_OBJECT_CONVERSION = YES_AGGRESSIVE;
				CLANG_CXX_LANGUAGE_STANDARD = "gnu++14";
				CLANG_CXX_LIBRARY = "libc++";
				CLANG_ENABLE_MODULES = YES;
				CLANG_ENABLE_OBJC_ARC = YES;
				CLANG_ENABLE_OBJC_WEAK = YES;
				CLANG_WARN_BLOCK_CAPTURE_AUTORELEASING = YES;
				CLANG_WARN_BOOL_CONVERSION = YES;
				CLANG_WARN_COMMA = YES;
				CLANG_WARN_CONSTANT_CONVERSION = YES;
				CLANG_WARN_DEPRECATED_OBJC_IMPLEMENTATIONS = YES;
				CLANG_WARN_DIRECT_OBJC_ISA_USAGE = YES_ERROR;
				CLANG_WARN_DOCUMENTATION_COMMENTS = YES;
				CLANG_WARN_EMPTY_BODY = YES;
				CLANG_WARN_ENUM_CONVERSION = YES;
				CLANG_WARN_INFINITE_RECURSION = YES;
				CLANG_WARN_INT_CONVERSION = YES;
				CLANG_WARN_NON_LITERAL_NULL_CONVERSION = YES;
				CLANG_WARN_OBJC_IMPLICIT_RETAIN_SELF = YES;
				CLANG_WARN_OBJC_LITERAL_CONVERSION = YES;
				CLANG_WARN_OBJC_ROOT_CLASS = YES_ERROR;
				CLANG_WARN_RANGE_LOOP_ANALYSIS = YES;
				CLANG_WARN_STRICT_PROTOTYPES = YES;
				CLANG_WARN_SUSPICIOUS_MOVE = YES;
				CLANG_WARN_UNGUARDED_AVAILABILITY = YES_AGGRESSIVE;
				CLANG_WARN_UNREACHABLE_CODE = YES;
				CLANG_WARN__DUPLICATE_METHOD_MATCH = YES;
				CODE_SIGN_IDENTITY = "iPhone Developer";
				COPY_PHASE_STRIP = NO;
				DEBUG_INFORMATION_FORMAT = "dwarf-with-dsym";
				ENABLE_NS_ASSERTIONS = NO;
				ENABLE_STRICT_OBJC_MSGSEND = YES;
				GCC_C_LANGUAGE_STANDARD = gnu11;
				GCC_NO_COMMON_BLOCKS = YES;
				GCC_WARN_64_TO_32_BIT_CONVERSION = YES;
				GCC_WARN_ABOUT_RETURN_TYPE = YES_ERROR;
				GCC_WARN_UNDECLARED_SELECTOR = YES;
				GCC_WARN_UNINITIALIZED_AUTOS = YES_AGGRESSIVE;
				GCC_WARN_UNUSED_FUNCTION = YES;
				GCC_WARN_UNUSED_VARIABLE = YES;
				IPHONEOS_DEPLOYMENT_TARGET = 11.4;
				MTL_ENABLE_DEBUG_INFO = NO;
				SDKROOT = iphoneos;
				VALIDATE_PRODUCT = YES;
			};
			name = Release;
		};
		CB2021A320D7C33D007CC198 /* Debug */ = {
			isa = XCBuildConfiguration;
			buildSettings = {
				ASSETCATALOG_COMPILER_APPICON_NAME = AppIcon;
				CODE_SIGN_STYLE = Automatic;
				DEVELOPMENT_TEAM = LZZVJD724V;
				INFOPLIST_FILE = Fraction_Calculator/Info.plist;
				LD_RUNPATH_SEARCH_PATHS = (
					"$(inherited)",
					"@executable_path/Frameworks",
				);
				PRODUCT_BUNDLE_IDENTIFIER = "OhCom.Fraction-Calculator";
				PRODUCT_NAME = "$(TARGET_NAME)";
				TARGETED_DEVICE_FAMILY = "1,2";
			};
			name = Debug;
		};
		CB2021A420D7C33D007CC198 /* Release */ = {
			isa = XCBuildConfiguration;
			buildSettings = {
				ASSETCATALOG_COMPILER_APPICON_NAME = AppIcon;
				CODE_SIGN_STYLE = Automatic;
				DEVELOPMENT_TEAM = LZZVJD724V;
				INFOPLIST_FILE = Fraction_Calculator/Info.plist;
				LD_RUNPATH_SEARCH_PATHS = (
					"$(inherited)",
					"@executable_path/Frameworks",
				);
				PRODUCT_BUNDLE_IDENTIFIER = "OhCom.Fraction-Calculator";
				PRODUCT_NAME = "$(TARGET_NAME)";
				TARGETED_DEVICE_FAMILY = "1,2";
			};
			name = Release;
		};
/* End XCBuildConfiguration section */

/* Begin XCConfigurationList section */
		CB20218720D7C33C007CC198 /* Build configuration list for PBXProject "Fraction_Calculator" */ = {
			isa = XCConfigurationList;
			buildConfigurations = (
				CB2021A020D7C33D007CC198 /* Debug */,
				CB2021A120D7C33D007CC198 /* Release */,
			);
			defaultConfigurationIsVisible = 0;
			defaultConfigurationName = Release;
		};
		CB2021A220D7C33D007CC198 /* Build configuration list for PBXNativeTarget "Fraction_Calculator" */ = {
			isa = XCConfigurationList;
			buildConfigurations = (
				CB2021A320D7C33D007CC198 /* Debug */,
				CB2021A420D7C33D007CC198 /* Release */,
			);
			defaultConfigurationIsVisible = 0;
			defaultConfigurationName = Release;
		};
/* End XCConfigurationList section */
	};
	rootObject = CB20218420D7C33C007CC198 /* Project object */;
}
